
Microsoft Visual Studio Solution File, Format Version 12.00
# Visual Studio Version 16
VisualStudioVersion = 16.0.30503.244
MinimumVisualStudioVersion = 10.0.40219.1
Project("{FAE04EC0-301F-11D3-BF4B-00C04F79EFBC}") = "rgbamerge", "rgbamerge\rgbamerge.csproj", "{0D9A2C05-A964-401F-8245-FEF459ECC82F}"
EndProject
Project("{2150E333-8FDC-42A3-9474-1A3956D46DE8}") = "Solution Items", "Solution Items", "{53D492CE-FA4F-4255-B145-30792044F3B4}"
	ProjectSection(SolutionItems) = preProject
		README.md = README.md
	EndProjectSection
EndProject
Global
	GlobalSection(SolutionConfigurationPlatforms) = preSolution
		Debug|Any CPU = Debug|Any CPU
		Release|Any CPU = Release|Any CPU
	EndGlobalSection
	GlobalSection(ProjectConfigurationPlatforms) = postSolution
		{0D9A2C05-A964-401F-8245-FEF459ECC82F}.Debug|Any CPU.ActiveCfg = Debug|Any CPU
		{0D9A2C05-A964-401F-8245-FEF459ECC82F}.Debug|Any CPU.Build.0 = Debug|Any CPU
		{0D9A2C05-A964-401F-8245-FEF459ECC82F}.Release|Any CPU.ActiveCfg = Release|Any CPU
		{0D9A2C05-A964-401F-8245-FEF459ECC82F}.Release|Any CPU.Build.0 = Release|Any CPU
	EndGlobalSection
	GlobalSection(SolutionProperties) = preSolution
		HideSolutionNode = FALSE
	EndGlobalSection
	GlobalSection(ExtensibilityGlobals) = postSolution
		SolutionGuid = {F17E8CB6-E453-4B62-A74F-A0B2D7A590B5}
	EndGlobalSection
EndGlobal
